
Microsoft Visual Studio Solution File, Format Version 12.00
# Visual Studio Version 17
VisualStudioVersion = 17.4.33122.133
MinimumVisualStudioVersion = 10.0.40219.1
Project("{FAE04EC0-301F-11D3-BF4B-00C04F79EFBC}") = "task14", "task14.csproj", "{484F37C5-AB88-4BAA-96F2-EF8175888A10}"
EndProject
Global
	GlobalSection(SolutionConfigurationPlatforms) = preSolution
		Debug|Any CPU = Debug|Any CPU
		Release|Any CPU = Release|Any CPU
	EndGlobalSection
	GlobalSection(ProjectConfigurationPlatforms) = postSolution
		{484F37C5-AB88-4BAA-96F2-EF8175888A10}.Debug|Any CPU.ActiveCfg = Debug|Any CPU
		{484F37C5-AB88-4BAA-96F2-EF8175888A10}.Debug|Any CPU.Build.0 = Debug|Any CPU
		{484F37C5-AB88-4BAA-96F2-EF8175888A10}.Release|Any CPU.ActiveCfg = Release|Any CPU
		{484F37C5-AB88-4BAA-96F2-EF8175888A10}.Release|Any CPU.Build.0 = Release|Any CPU
	EndGlobalSection
	GlobalSection(SolutionProperties) = preSolution
		HideSolutionNode = FALSE
	EndGlobalSection
	GlobalSection(ExtensibilityGlobals) = postSolution
		SolutionGuid = {7B7154F5-CEC1-4342-8DEA-ED9E7CCCD836}
	EndGlobalSection
EndGlobal
